
Microsoft Visual Studio Solution File, Format Version 12.00
# Visual Studio 15
VisualStudioVersion = 15.0.28307.271
MinimumVisualStudioVersion = 10.0.40219.1
Project("{FAE04EC0-301F-11D3-BF4B-00C04F79EFBC}") = "Polarimeter2019", "Polarimeter2019\Polarimeter2019.csproj", "{B581F382-0D34-494A-BDC1-A2CF640D9875}"
EndProject
Project("{FAE04EC0-301F-11D3-BF4B-00C04F79EFBC}") = "Log File", "Log File\Log File.csproj", "{E2537B7A-2BFD-47B2-B44C-DA2F2C76D526}"
EndProject
Project("{54435603-DBB4-11D2-8724-00A0C9A8B90C}") = "Setup1", "..\Setup PJ2019\Setup1\Setup1.vdproj", "{14C351AE-EF0D-4AFC-A4BC-81A2229194CD}"
EndProject
Global
	GlobalSection(SolutionConfigurationPlatforms) = preSolution
		Debug|Any CPU = Debug|Any CPU
		Debug|x86 = Debug|x86
		Release|Any CPU = Release|Any CPU
		Release|x86 = Release|x86
	EndGlobalSection
	GlobalSection(ProjectConfigurationPlatforms) = postSolution
		{B581F382-0D34-494A-BDC1-A2CF640D9875}.Debug|Any CPU.ActiveCfg = Debug|Any CPU
		{B581F382-0D34-494A-BDC1-A2CF640D9875}.Debug|Any CPU.Build.0 = Debug|Any CPU
		{B581F382-0D34-494A-BDC1-A2CF640D9875}.Debug|x86.ActiveCfg = Debug|Any CPU
		{B581F382-0D34-494A-BDC1-A2CF640D9875}.Debug|x86.Build.0 = Debug|Any CPU
		{B581F382-0D34-494A-BDC1-A2CF640D9875}.Release|Any CPU.ActiveCfg = Release|Any CPU
		{B581F382-0D34-494A-BDC1-A2CF640D9875}.Release|Any CPU.Build.0 = Release|Any CPU
		{B581F382-0D34-494A-BDC1-A2CF640D9875}.Release|x86.ActiveCfg = Release|Any CPU
		{B581F382-0D34-494A-BDC1-A2CF640D9875}.Release|x86.Build.0 = Release|Any CPU
		{E2537B7A-2BFD-47B2-B44C-DA2F2C76D526}.Debug|Any CPU.ActiveCfg = Debug|Any CPU
		{E2537B7A-2BFD-47B2-B44C-DA2F2C76D526}.Debug|Any CPU.Build.0 = Debug|Any CPU
		{E2537B7A-2BFD-47B2-B44C-DA2F2C76D526}.Debug|x86.ActiveCfg = Debug|x86
		{E2537B7A-2BFD-47B2-B44C-DA2F2C76D526}.Debug|x86.Build.0 = Debug|x86
		{E2537B7A-2BFD-47B2-B44C-DA2F2C76D526}.Release|Any CPU.ActiveCfg = Release|Any CPU
		{E2537B7A-2BFD-47B2-B44C-DA2F2C76D526}.Release|Any CPU.Build.0 = Release|Any CPU
		{E2537B7A-2BFD-47B2-B44C-DA2F2C76D526}.Release|x86.ActiveCfg = Release|x86
		{E2537B7A-2BFD-47B2-B44C-DA2F2C76D526}.Release|x86.Build.0 = Release|x86
		{14C351AE-EF0D-4AFC-A4BC-81A2229194CD}.Debug|Any CPU.ActiveCfg = Debug
		{14C351AE-EF0D-4AFC-A4BC-81A2229194CD}.Debug|x86.ActiveCfg = Debug
		{14C351AE-EF0D-4AFC-A4BC-81A2229194CD}.Release|Any CPU.ActiveCfg = Release
		{14C351AE-EF0D-4AFC-A4BC-81A2229194CD}.Release|x86.ActiveCfg = Release
	EndGlobalSection
	GlobalSection(SolutionProperties) = preSolution
		HideSolutionNode = FALSE
	EndGlobalSection
	GlobalSection(ExtensibilityGlobals) = postSolution
		SolutionGuid = {1F53C741-EE69-4E66-9BD5-ED6667703AD4}
	EndGlobalSection
EndGlobal
