
Microsoft Visual Studio Solution File, Format Version 9.00
# Visual Studio 2005
Project("{FAE04EC0-301F-11D3-BF4B-00C04F79EFBC}") = "LxiEventManagerSampleApp", "LxiEventManagerSampleApp\LxiEventManagerSampleApp.csproj", "{F45AE38A-570B-478B-8E30-0B65F13014EE}"
	ProjectSection(WebsiteProperties) = preProject
		Debug.AspNetCompiler.Debug = "True"
		Release.AspNetCompiler.Debug = "False"
	EndProjectSection
EndProject
Global
	GlobalSection(SolutionConfigurationPlatforms) = preSolution
		Debug|Any CPU = Debug|Any CPU
		Release|Any CPU = Release|Any CPU
	EndGlobalSection
	GlobalSection(ProjectConfigurationPlatforms) = postSolution
		{F45AE38A-570B-478B-8E30-0B65F13014EE}.Debug|Any CPU.ActiveCfg = Debug|Any CPU
		{F45AE38A-570B-478B-8E30-0B65F13014EE}.Debug|Any CPU.Build.0 = Debug|Any CPU
		{F45AE38A-570B-478B-8E30-0B65F13014EE}.Release|Any CPU.ActiveCfg = Release|Any CPU
		{F45AE38A-570B-478B-8E30-0B65F13014EE}.Release|Any CPU.Build.0 = Release|Any CPU
	EndGlobalSection
	GlobalSection(SolutionProperties) = preSolution
		HideSolutionNode = FALSE
	EndGlobalSection
EndGlobal
