Microsoft Visual Studio Solution File, Format Version 12.00
# Visual Studio 15
VisualStudioVersion = 15.0.28307.271
MinimumVisualStudioVersion = 10.0.40219.1
Project("{FAE04EC0-301F-11D3-BF4B-00C04F79EFBC}") = "StatRegSRQ", "StatRegSRQ\StatRegSRQ.csproj", "{30D41E02-CE85-44B4-A833-7A837AE6AF5A}"
EndProject
Global
	GlobalSection(SolutionConfigurationPlatforms) = preSolution
		Debug|Any CPU = Debug|Any CPU
		Release|Any CPU = Release|Any CPU
	EndGlobalSection
	GlobalSection(ProjectConfigurationPlatforms) = postSolution
		{30D41E02-CE85-44B4-A833-7A837AE6AF5A}.Debug|Any CPU.ActiveCfg = Debug|Any CPU
		{30D41E02-CE85-44B4-A833-7A837AE6AF5A}.Debug|Any CPU.Build.0 = Debug|Any CPU
		{30D41E02-CE85-44B4-A833-7A837AE6AF5A}.Release|Any CPU.ActiveCfg = Release|Any CPU
		{30D41E02-CE85-44B4-A833-7A837AE6AF5A}.Release|Any CPU.Build.0 = Release|Any CPU
	EndGlobalSection
	GlobalSection(SolutionProperties) = preSolution
		HideSolutionNode = FALSE
	EndGlobalSection
	GlobalSection(ExtensibilityGlobals) = postSolution
		SolutionGuid = {BBFE7603-28FB-4A03-97B9-47D3C2E4CA94}
	EndGlobalSection
EndGlobal
